{
  "name": "@ebflat9/fp",
  "version": "1.0.20",
  "lockfileVersion": 2,
  "requires": true,
  "packages": {
    "": {
      "name": "@ebflat9/fp",
      "version": "1.0.20",
      "license": "MIT",
      "dependencies": {
        "core-js": "^3.18.3"
      }
    },
    "node_modules/core-js": {
      "version": "3.18.3",
      "resolved": "https://registry.npmjs.org/core-js/-/core-js-3.18.3.tgz",
      "integrity": "sha512-tReEhtMReZaPFVw7dajMx0vlsz3oOb8ajgPoHVYGxr8ErnZ6PcYEvvmjGmXlfpnxpkYSdOQttjB+MvVbCGfvLw==",
      "hasInstallScript": true,
      "funding": {
        "type": "opencollective",
        "url": "https://opencollective.com/core-js"
      }
    }
  },
  "dependencies": {
    "core-js": {
      "version": "3.18.3",
      "resolved": "https://registry.npmjs.org/core-js/-/core-js-3.18.3.tgz",
      "integrity": "sha512-tReEhtMReZaPFVw7dajMx0vlsz3oOb8ajgPoHVYGxr8ErnZ6PcYEvvmjGmXlfpnxpkYSdOQttjB+MvVbCGfvLw=="
    }
  }
}
